
Microsoft Visual Studio Solution File, Format Version 12.00
# Visual Studio Version 17
VisualStudioVersion = 17.0.31903.59
MinimumVisualStudioVersion = 10.0.40219.1
Project("{2150E333-8FDC-42A3-9474-1A3956D46DE8}") = "src", "src", "{827E0CD3-B72D-47B6-A68D-7590B98EB39B}"
EndProject
Project("{FAE04EC0-301F-11D3-BF4B-00C04F79EFBC}") = "NaruttoTimer.Calibration", "src\NaruttoTimer.Calibration\NaruttoTimer.Calibration.csproj", "{7112043D-7CDD-4295-A23D-80CE7697986E}"
EndProject
Project("{FAE04EC0-301F-11D3-BF4B-00C04F79EFBC}") = "NaruttoTimer.Capture", "src\NaruttoTimer.Capture\NaruttoTimer.Capture.csproj", "{9638BA1B-7032-4812-A502-911827E71D5F}"
EndProject
Project("{FAE04EC0-301F-11D3-BF4B-00C04F79EFBC}") = "NaruttoTimer.Overlay", "src\NaruttoTimer.Overlay\NaruttoTimer.Overlay.csproj", "{37B58F1D-D1E6-4910-941B-57664BA8ADDF}"
EndProject
Project("{FAE04EC0-301F-11D3-BF4B-00C04F79EFBC}") = "NaruttoTimer.Recognition", "src\NaruttoTimer.Recognition\NaruttoTimer.Recognition.csproj", "{005A13B5-F5D9-4C0D-80E7-6A58487AB8B4}"
EndProject
Project("{FAE04EC0-301F-11D3-BF4B-00C04F79EFBC}") = "NaruttoTimer.Rules", "src\NaruttoTimer.Rules\NaruttoTimer.Rules.csproj", "{247FC89E-001C-496C-A3EC-6D51C1C955F1}"
EndProject
Project("{2150E333-8FDC-42A3-9474-1A3956D46DE8}") = "tests", "tests", "{0AB3BF05-4346-4AA6-1389-037BE0695223}"
EndProject
Project("{FAE04EC0-301F-11D3-BF4B-00C04F79EFBC}") = "NaruttoTimer.Tests", "tests\NaruttoTimer.Tests\NaruttoTimer.Tests.csproj", "{C5E7DF71-B522-4568-8DAC-23B0189869C2}"
EndProject
Project("{FAE04EC0-301F-11D3-BF4B-00C04F79EFBC}") = "NaruttoTimer.Data", "src\NaruttoTimer.Data\NaruttoTimer.Data.csproj", "{F96FF786-B13E-47C4-87D0-EF39E4BAE7D9}"
EndProject
Project("{FAE04EC0-301F-11D3-BF4B-00C04F79EFBC}") = "NaruttoTimer.App", "src\NaruttoTimer.App\NaruttoTimer.App.csproj", "{5655BE32-FEB1-4354-B2C7-3BBBEF5C6FF6}"
EndProject
Global
	GlobalSection(SolutionConfigurationPlatforms) = preSolution
		Debug|Any CPU = Debug|Any CPU
		Debug|x64 = Debug|x64
		Debug|x86 = Debug|x86
		Release|Any CPU = Release|Any CPU
		Release|x64 = Release|x64
		Release|x86 = Release|x86
	EndGlobalSection
	GlobalSection(ProjectConfigurationPlatforms) = postSolution
		{7112043D-7CDD-4295-A23D-80CE7697986E}.Debug|Any CPU.ActiveCfg = Debug|Any CPU
		{7112043D-7CDD-4295-A23D-80CE7697986E}.Debug|Any CPU.Build.0 = Debug|Any CPU
		{7112043D-7CDD-4295-A23D-80CE7697986E}.Debug|x64.ActiveCfg = Debug|Any CPU
		{7112043D-7CDD-4295-A23D-80CE7697986E}.Debug|x64.Build.0 = Debug|Any CPU
		{7112043D-7CDD-4295-A23D-80CE7697986E}.Debug|x86.ActiveCfg = Debug|Any CPU
		{7112043D-7CDD-4295-A23D-80CE7697986E}.Debug|x86.Build.0 = Debug|Any CPU
		{7112043D-7CDD-4295-A23D-80CE7697986E}.Release|Any CPU.ActiveCfg = Release|Any CPU
		{7112043D-7CDD-4295-A23D-80CE7697986E}.Release|Any CPU.Build.0 = Release|Any CPU
		{7112043D-7CDD-4295-A23D-80CE7697986E}.Release|x64.ActiveCfg = Release|Any CPU
		{7112043D-7CDD-4295-A23D-80CE7697986E}.Release|x64.Build.0 = Release|Any CPU
		{7112043D-7CDD-4295-A23D-80CE7697986E}.Release|x86.ActiveCfg = Release|Any CPU
		{7112043D-7CDD-4295-A23D-80CE7697986E}.Release|x86.Build.0 = Release|Any CPU
		{9638BA1B-7032-4812-A502-911827E71D5F}.Debug|Any CPU.ActiveCfg = Debug|Any CPU
		{9638BA1B-7032-4812-A502-911827E71D5F}.Debug|Any CPU.Build.0 = Debug|Any CPU
		{9638BA1B-7032-4812-A502-911827E71D5F}.Debug|x64.ActiveCfg = Debug|Any CPU
		{9638BA1B-7032-4812-A502-911827E71D5F}.Debug|x64.Build.0 = Debug|Any CPU
		{9638BA1B-7032-4812-A502-911827E71D5F}.Debug|x86.ActiveCfg = Debug|Any CPU
		{9638BA1B-7032-4812-A502-911827E71D5F}.Debug|x86.Build.0 = Debug|Any CPU
		{9638BA1B-7032-4812-A502-911827E71D5F}.Release|Any CPU.ActiveCfg = Release|Any CPU
		{9638BA1B-7032-4812-A502-911827E71D5F}.Release|Any CPU.Build.0 = Release|Any CPU
		{9638BA1B-7032-4812-A502-911827E71D5F}.Release|x64.ActiveCfg = Release|Any CPU
		{9638BA1B-7032-4812-A502-911827E71D5F}.Release|x64.Build.0 = Release|Any CPU
		{9638BA1B-7032-4812-A502-911827E71D5F}.Release|x86.ActiveCfg = Release|Any CPU
		{9638BA1B-7032-4812-A502-911827E71D5F}.Release|x86.Build.0 = Release|Any CPU
		{37B58F1D-D1E6-4910-941B-57664BA8ADDF}.Debug|Any CPU.ActiveCfg = Debug|Any CPU
		{37B58F1D-D1E6-4910-941B-57664BA8ADDF}.Debug|Any CPU.Build.0 = Debug|Any CPU
		{37B58F1D-D1E6-4910-941B-57664BA8ADDF}.Debug|x64.ActiveCfg = Debug|Any CPU
		{37B58F1D-D1E6-4910-941B-57664BA8ADDF}.Debug|x64.Build.0 = Debug|Any CPU
		{37B58F1D-D1E6-4910-941B-57664BA8ADDF}.Debug|x86.ActiveCfg = Debug|Any CPU
		{37B58F1D-D1E6-4910-941B-57664BA8ADDF}.Debug|x86.Build.0 = Debug|Any CPU
		{37B58F1D-D1E6-4910-941B-57664BA8ADDF}.Release|Any CPU.ActiveCfg = Release|Any CPU
		{37B58F1D-D1E6-4910-941B-57664BA8ADDF}.Release|Any CPU.Build.0 = Release|Any CPU
		{37B58F1D-D1E6-4910-941B-57664BA8ADDF}.Release|x64.ActiveCfg = Release|Any CPU
		{37B58F1D-D1E6-4910-941B-57664BA8ADDF}.Release|x64.Build.0 = Release|Any CPU
		{37B58F1D-D1E6-4910-941B-57664BA8ADDF}.Release|x86.ActiveCfg = Release|Any CPU
		{37B58F1D-D1E6-4910-941B-57664BA8ADDF}.Release|x86.Build.0 = Release|Any CPU
		{005A13B5-F5D9-4C0D-80E7-6A58487AB8B4}.Debug|Any CPU.ActiveCfg = Debug|Any CPU
		{005A13B5-F5D9-4C0D-80E7-6A58487AB8B4}.Debug|Any CPU.Build.0 = Debug|Any CPU
		{005A13B5-F5D9-4C0D-80E7-6A58487AB8B4}.Debug|x64.ActiveCfg = Debug|Any CPU
		{005A13B5-F5D9-4C0D-80E7-6A58487AB8B4}.Debug|x64.Build.0 = Debug|Any CPU
		{005A13B5-F5D9-4C0D-80E7-6A58487AB8B4}.Debug|x86.ActiveCfg = Debug|Any CPU
		{005A13B5-F5D9-4C0D-80E7-6A58487AB8B4}.Debug|x86.Build.0 = Debug|Any CPU
		{005A13B5-F5D9-4C0D-80E7-6A58487AB8B4}.Release|Any CPU.ActiveCfg = Release|Any CPU
		{005A13B5-F5D9-4C0D-80E7-6A58487AB8B4}.Release|Any CPU.Build.0 = Release|Any CPU
		{005A13B5-F5D9-4C0D-80E7-6A58487AB8B4}.Release|x64.ActiveCfg = Release|Any CPU
		{005A13B5-F5D9-4C0D-80E7-6A58487AB8B4}.Release|x64.Build.0 = Release|Any CPU
		{005A13B5-F5D9-4C0D-80E7-6A58487AB8B4}.Release|x86.ActiveCfg = Release|Any CPU
		{005A13B5-F5D9-4C0D-80E7-6A58487AB8B4}.Release|x86.Build.0 = Release|Any CPU
		{247FC89E-001C-496C-A3EC-6D51C1C955F1}.Debug|Any CPU.ActiveCfg = Debug|Any CPU
		{247FC89E-001C-496C-A3EC-6D51C1C955F1}.Debug|Any CPU.Build.0 = Debug|Any CPU
		{247FC89E-001C-496C-A3EC-6D51C1C955F1}.Debug|x64.ActiveCfg = Debug|Any CPU
		{247FC89E-001C-496C-A3EC-6D51C1C955F1}.Debug|x64.Build.0 = Debug|Any CPU
		{247FC89E-001C-496C-A3EC-6D51C1C955F1}.Debug|x86.ActiveCfg = Debug|Any CPU
		{247FC89E-001C-496C-A3EC-6D51C1C955F1}.Debug|x86.Build.0 = Debug|Any CPU
		{247FC89E-001C-496C-A3EC-6D51C1C955F1}.Release|Any CPU.ActiveCfg = Release|Any CPU
		{247FC89E-001C-496C-A3EC-6D51C1C955F1}.Release|Any CPU.Build.0 = Release|Any CPU
		{247FC89E-001C-496C-A3EC-6D51C1C955F1}.Release|x64.ActiveCfg = Release|Any CPU
		{247FC89E-001C-496C-A3EC-6D51C1C955F1}.Release|x64.Build.0 = Release|Any CPU
		{247FC89E-001C-496C-A3EC-6D51C1C955F1}.Release|x86.ActiveCfg = Release|Any CPU
		{247FC89E-001C-496C-A3EC-6D51C1C955F1}.Release|x86.Build.0 = Release|Any CPU
		{C5E7DF71-B522-4568-8DAC-23B0189869C2}.Debug|Any CPU.ActiveCfg = Debug|Any CPU
		{C5E7DF71-B522-4568-8DAC-23B0189869C2}.Debug|Any CPU.Build.0 = Debug|Any CPU
		{C5E7DF71-B522-4568-8DAC-23B0189869C2}.Debug|x64.ActiveCfg = Debug|Any CPU
		{C5E7DF71-B522-4568-8DAC-23B0189869C2}.Debug|x64.Build.0 = Debug|Any CPU
		{C5E7DF71-B522-4568-8DAC-23B0189869C2}.Debug|x86.ActiveCfg = Debug|Any CPU
		{C5E7DF71-B522-4568-8DAC-23B0189869C2}.Debug|x86.Build.0 = Debug|Any CPU
		{C5E7DF71-B522-4568-8DAC-23B0189869C2}.Release|Any CPU.ActiveCfg = Release|Any CPU
		{C5E7DF71-B522-4568-8DAC-23B0189869C2}.Release|Any CPU.Build.0 = Release|Any CPU
		{C5E7DF71-B522-4568-8DAC-23B0189869C2}.Release|x64.ActiveCfg = Release|Any CPU
		{C5E7DF71-B522-4568-8DAC-23B0189869C2}.Release|x64.Build.0 = Release|Any CPU
		{C5E7DF71-B522-4568-8DAC-23B0189869C2}.Release|x86.ActiveCfg = Release|Any CPU
		{C5E7DF71-B522-4568-8DAC-23B0189869C2}.Release|x86.Build.0 = Release|Any CPU
		{F96FF786-B13E-47C4-87D0-EF39E4BAE7D9}.Debug|Any CPU.ActiveCfg = Debug|Any CPU
		{F96FF786-B13E-47C4-87D0-EF39E4BAE7D9}.Debug|Any CPU.Build.0 = Debug|Any CPU
		{F96FF786-B13E-47C4-87D0-EF39E4BAE7D9}.Debug|x64.ActiveCfg = Debug|Any CPU
		{F96FF786-B13E-47C4-87D0-EF39E4BAE7D9}.Debug|x64.Build.0 = Debug|Any CPU
		{F96FF786-B13E-47C4-87D0-EF39E4BAE7D9}.Debug|x86.ActiveCfg = Debug|Any CPU
		{F96FF786-B13E-47C4-87D0-EF39E4BAE7D9}.Debug|x86.Build.0 = Debug|Any CPU
		{F96FF786-B13E-47C4-87D0-EF39E4BAE7D9}.Release|Any CPU.ActiveCfg = Release|Any CPU
		{F96FF786-B13E-47C4-87D0-EF39E4BAE7D9}.Release|Any CPU.Build.0 = Release|Any CPU
		{F96FF786-B13E-47C4-87D0-EF39E4BAE7D9}.Release|x64.ActiveCfg = Release|Any CPU
		{F96FF786-B13E-47C4-87D0-EF39E4BAE7D9}.Release|x64.Build.0 = Release|Any CPU
		{F96FF786-B13E-47C4-87D0-EF39E4BAE7D9}.Release|x86.ActiveCfg = Release|Any CPU
		{F96FF786-B13E-47C4-87D0-EF39E4BAE7D9}.Release|x86.Build.0 = Release|Any CPU
		{5655BE32-FEB1-4354-B2C7-3BBBEF5C6FF6}.Debug|Any CPU.ActiveCfg = Debug|Any CPU
		{5655BE32-FEB1-4354-B2C7-3BBBEF5C6FF6}.Debug|Any CPU.Build.0 = Debug|Any CPU
		{5655BE32-FEB1-4354-B2C7-3BBBEF5C6FF6}.Debug|x64.ActiveCfg = Debug|Any CPU
		{5655BE32-FEB1-4354-B2C7-3BBBEF5C6FF6}.Debug|x64.Build.0 = Debug|Any CPU
		{5655BE32-FEB1-4354-B2C7-3BBBEF5C6FF6}.Debug|x86.ActiveCfg = Debug|Any CPU
		{5655BE32-FEB1-4354-B2C7-3BBBEF5C6FF6}.Debug|x86.Build.0 = Debug|Any CPU
		{5655BE32-FEB1-4354-B2C7-3BBBEF5C6FF6}.Release|Any CPU.ActiveCfg = Release|Any CPU
		{5655BE32-FEB1-4354-B2C7-3BBBEF5C6FF6}.Release|Any CPU.Build.0 = Release|Any CPU
		{5655BE32-FEB1-4354-B2C7-3BBBEF5C6FF6}.Release|x64.ActiveCfg = Release|Any CPU
		{5655BE32-FEB1-4354-B2C7-3BBBEF5C6FF6}.Release|x64.Build.0 = Release|Any CPU
		{5655BE32-FEB1-4354-B2C7-3BBBEF5C6FF6}.Release|x86.ActiveCfg = Release|Any CPU
		{5655BE32-FEB1-4354-B2C7-3BBBEF5C6FF6}.Release|x86.Build.0 = Release|Any CPU
	EndGlobalSection
	GlobalSection(SolutionProperties) = preSolution
		HideSolutionNode = FALSE
	EndGlobalSection
	GlobalSection(NestedProjects) = preSolution
		{7112043D-7CDD-4295-A23D-80CE7697986E} = {827E0CD3-B72D-47B6-A68D-7590B98EB39B}
		{9638BA1B-7032-4812-A502-911827E71D5F} = {827E0CD3-B72D-47B6-A68D-7590B98EB39B}
		{37B58F1D-D1E6-4910-941B-57664BA8ADDF} = {827E0CD3-B72D-47B6-A68D-7590B98EB39B}
		{005A13B5-F5D9-4C0D-80E7-6A58487AB8B4} = {827E0CD3-B72D-47B6-A68D-7590B98EB39B}
		{247FC89E-001C-496C-A3EC-6D51C1C955F1} = {827E0CD3-B72D-47B6-A68D-7590B98EB39B}
		{C5E7DF71-B522-4568-8DAC-23B0189869C2} = {0AB3BF05-4346-4AA6-1389-037BE0695223}
		{F96FF786-B13E-47C4-87D0-EF39E4BAE7D9} = {827E0CD3-B72D-47B6-A68D-7590B98EB39B}
		{5655BE32-FEB1-4354-B2C7-3BBBEF5C6FF6} = {827E0CD3-B72D-47B6-A68D-7590B98EB39B}
	EndGlobalSection
EndGlobal
